
Microsoft Visual Studio Solution File, Format Version 12.00
# Visual Studio 2013
VisualStudioVersion = 12.0.31101.0
MinimumVisualStudioVersion = 10.0.40219.1
Project("{FAE04EC0-301F-11D3-BF4B-00C04F79EFBC}") = "DeskIOLib", "DeskIOLib\DeskIOLib.csproj", "{BC78B6B0-EEA4-473C-AF37-A5171D97639C}"
EndProject
Project("{FAE04EC0-301F-11D3-BF4B-00C04F79EFBC}") = "DeskIOCLI", "DeskIOCLI\DeskIOCLI.csproj", "{D9993434-E7CF-4801-970F-F873814AAA45}"
EndProject
Project("{D954291E-2A0B-460D-934E-DC6B0785DB48}") = "DeskIOMobile", "DeskIOMobile\DeskIOMobile\DeskIOMobile.shproj", "{3F2674CB-731C-4600-99ED-A1E464A89F0F}"
EndProject
Project("{FAE04EC0-301F-11D3-BF4B-00C04F79EFBC}") = "DeskIOMobile.WinPhone", "DeskIOMobile\DeskIOMobile.WinPhone\DeskIOMobile.WinPhone.csproj", "{59DE8524-B7E7-4A1D-8E00-54F51F085B2E}"
EndProject
Project("{FAE04EC0-301F-11D3-BF4B-00C04F79EFBC}") = "DeskIOMobile.iOS", "DeskIOMobile\DeskIOMobile.iOS\DeskIOMobile.iOS.csproj", "{3D9B4153-EFB5-4E4B-B449-3823D7097D51}"
EndProject
Project("{FAE04EC0-301F-11D3-BF4B-00C04F79EFBC}") = "DeskIOMobile.Droid", "DeskIOMobile\DeskIOMobile.Droid\DeskIOMobile.Droid.csproj", "{57BA9F78-C476-42D3-8407-4E6D2C3EF3A9}"
EndProject
Project("{FAE04EC0-301F-11D3-BF4B-00C04F79EFBC}") = "DeskIOWindows", "DeskIOWindows\DeskIOWindows.csproj", "{0E77D4E5-30CE-463E-82ED-6FD8E30E523A}"
EndProject
Global
	GlobalSection(SharedMSBuildProjectFiles) = preSolution
		DeskIOMobile\DeskIOMobile\DeskIOMobile.projitems*{59de8524-b7e7-4a1d-8e00-54f51f085b2e}*SharedItemsImports = 4
		DeskIOMobile\DeskIOMobile\DeskIOMobile.projitems*{57ba9f78-c476-42d3-8407-4e6d2c3ef3a9}*SharedItemsImports = 4
		DeskIOMobile\DeskIOMobile\DeskIOMobile.projitems*{3d9b4153-efb5-4e4b-b449-3823d7097d51}*SharedItemsImports = 4
		DeskIOMobile\DeskIOMobile\DeskIOMobile.projitems*{3f2674cb-731c-4600-99ed-a1e464a89f0f}*SharedItemsImports = 13
	EndGlobalSection
	GlobalSection(SolutionConfigurationPlatforms) = preSolution
		Ad-Hoc|Any CPU = Ad-Hoc|Any CPU
		Ad-Hoc|ARM = Ad-Hoc|ARM
		Ad-Hoc|iPhone = Ad-Hoc|iPhone
		Ad-Hoc|iPhoneSimulator = Ad-Hoc|iPhoneSimulator
		Ad-Hoc|Mixed Platforms = Ad-Hoc|Mixed Platforms
		Ad-Hoc|x86 = Ad-Hoc|x86
		AppStore|Any CPU = AppStore|Any CPU
		AppStore|ARM = AppStore|ARM
		AppStore|iPhone = AppStore|iPhone
		AppStore|iPhoneSimulator = AppStore|iPhoneSimulator
		AppStore|Mixed Platforms = AppStore|Mixed Platforms
		AppStore|x86 = AppStore|x86
		Debug|Any CPU = Debug|Any CPU
		Debug|ARM = Debug|ARM
		Debug|iPhone = Debug|iPhone
		Debug|iPhoneSimulator = Debug|iPhoneSimulator
		Debug|Mixed Platforms = Debug|Mixed Platforms
		Debug|x86 = Debug|x86
		Release|Any CPU = Release|Any CPU
		Release|ARM = Release|ARM
		Release|iPhone = Release|iPhone
		Release|iPhoneSimulator = Release|iPhoneSimulator
		Release|Mixed Platforms = Release|Mixed Platforms
		Release|x86 = Release|x86
	EndGlobalSection
	GlobalSection(ProjectConfigurationPlatforms) = postSolution
		{BC78B6B0-EEA4-473C-AF37-A5171D97639C}.Ad-Hoc|Any CPU.ActiveCfg = Release|Any CPU
		{BC78B6B0-EEA4-473C-AF37-A5171D97639C}.Ad-Hoc|Any CPU.Build.0 = Release|Any CPU
		{BC78B6B0-EEA4-473C-AF37-A5171D97639C}.Ad-Hoc|ARM.ActiveCfg = Release|Any CPU
		{BC78B6B0-EEA4-473C-AF37-A5171D97639C}.Ad-Hoc|iPhone.ActiveCfg = Release|Any CPU
		{BC78B6B0-EEA4-473C-AF37-A5171D97639C}.Ad-Hoc|iPhoneSimulator.ActiveCfg = Release|Any CPU
		{BC78B6B0-EEA4-473C-AF37-A5171D97639C}.Ad-Hoc|Mixed Platforms.ActiveCfg = Release|Any CPU
		{BC78B6B0-EEA4-473C-AF37-A5171D97639C}.Ad-Hoc|Mixed Platforms.Build.0 = Release|Any CPU
		{BC78B6B0-EEA4-473C-AF37-A5171D97639C}.Ad-Hoc|x86.ActiveCfg = Release|Any CPU
		{BC78B6B0-EEA4-473C-AF37-A5171D97639C}.AppStore|Any CPU.ActiveCfg = Release|Any CPU
		{BC78B6B0-EEA4-473C-AF37-A5171D97639C}.AppStore|Any CPU.Build.0 = Release|Any CPU
		{BC78B6B0-EEA4-473C-AF37-A5171D97639C}.AppStore|ARM.ActiveCfg = Release|Any CPU
		{BC78B6B0-EEA4-473C-AF37-A5171D97639C}.AppStore|iPhone.ActiveCfg = Release|Any CPU
		{BC78B6B0-EEA4-473C-AF37-A5171D97639C}.AppStore|iPhoneSimulator.ActiveCfg = Release|Any CPU
		{BC78B6B0-EEA4-473C-AF37-A5171D97639C}.AppStore|Mixed Platforms.ActiveCfg = Release|Any CPU
		{BC78B6B0-EEA4-473C-AF37-A5171D97639C}.AppStore|Mixed Platforms.Build.0 = Release|Any CPU
		{BC78B6B0-EEA4-473C-AF37-A5171D97639C}.AppStore|x86.ActiveCfg = Release|Any CPU
		{BC78B6B0-EEA4-473C-AF37-A5171D97639C}.Debug|Any CPU.ActiveCfg = Debug|Any CPU
		{BC78B6B0-EEA4-473C-AF37-A5171D97639C}.Debug|Any CPU.Build.0 = Debug|Any CPU
		{BC78B6B0-EEA4-473C-AF37-A5171D97639C}.Debug|ARM.ActiveCfg = Debug|Any CPU
		{BC78B6B0-EEA4-473C-AF37-A5171D97639C}.Debug|iPhone.ActiveCfg = Debug|Any CPU
		{BC78B6B0-EEA4-473C-AF37-A5171D97639C}.Debug|iPhoneSimulator.ActiveCfg = Debug|Any CPU
		{BC78B6B0-EEA4-473C-AF37-A5171D97639C}.Debug|Mixed Platforms.ActiveCfg = Debug|Any CPU
		{BC78B6B0-EEA4-473C-AF37-A5171D97639C}.Debug|Mixed Platforms.Build.0 = Debug|Any CPU
		{BC78B6B0-EEA4-473C-AF37-A5171D97639C}.Debug|x86.ActiveCfg = Debug|Any CPU
		{BC78B6B0-EEA4-473C-AF37-A5171D97639C}.Release|Any CPU.ActiveCfg = Release|Any CPU
		{BC78B6B0-EEA4-473C-AF37-A5171D97639C}.Release|Any CPU.Build.0 = Release|Any CPU
		{BC78B6B0-EEA4-473C-AF37-A5171D97639C}.Release|ARM.ActiveCfg = Release|Any CPU
		{BC78B6B0-EEA4-473C-AF37-A5171D97639C}.Release|iPhone.ActiveCfg = Release|Any CPU
		{BC78B6B0-EEA4-473C-AF37-A5171D97639C}.Release|iPhoneSimulator.ActiveCfg = Release|Any CPU
		{BC78B6B0-EEA4-473C-AF37-A5171D97639C}.Release|Mixed Platforms.ActiveCfg = Release|Any CPU
		{BC78B6B0-EEA4-473C-AF37-A5171D97639C}.Release|Mixed Platforms.Build.0 = Release|Any CPU
		{BC78B6B0-EEA4-473C-AF37-A5171D97639C}.Release|x86.ActiveCfg = Release|Any CPU
		{D9993434-E7CF-4801-970F-F873814AAA45}.Ad-Hoc|Any CPU.ActiveCfg = Release|Any CPU
		{D9993434-E7CF-4801-970F-F873814AAA45}.Ad-Hoc|Any CPU.Build.0 = Release|Any CPU
		{D9993434-E7CF-4801-970F-F873814AAA45}.Ad-Hoc|ARM.ActiveCfg = Release|Any CPU
		{D9993434-E7CF-4801-970F-F873814AAA45}.Ad-Hoc|iPhone.ActiveCfg = Release|Any CPU
		{D9993434-E7CF-4801-970F-F873814AAA45}.Ad-Hoc|iPhoneSimulator.ActiveCfg = Release|Any CPU
		{D9993434-E7CF-4801-970F-F873814AAA45}.Ad-Hoc|Mixed Platforms.ActiveCfg = Release|Any CPU
		{D9993434-E7CF-4801-970F-F873814AAA45}.Ad-Hoc|Mixed Platforms.Build.0 = Release|Any CPU
		{D9993434-E7CF-4801-970F-F873814AAA45}.Ad-Hoc|x86.ActiveCfg = Release|Any CPU
		{D9993434-E7CF-4801-970F-F873814AAA45}.AppStore|Any CPU.ActiveCfg = Release|Any CPU
		{D9993434-E7CF-4801-970F-F873814AAA45}.AppStore|Any CPU.Build.0 = Release|Any CPU
		{D9993434-E7CF-4801-970F-F873814AAA45}.AppStore|ARM.ActiveCfg = Release|Any CPU
		{D9993434-E7CF-4801-970F-F873814AAA45}.AppStore|iPhone.ActiveCfg = Release|Any CPU
		{D9993434-E7CF-4801-970F-F873814AAA45}.AppStore|iPhoneSimulator.ActiveCfg = Release|Any CPU
		{D9993434-E7CF-4801-970F-F873814AAA45}.AppStore|Mixed Platforms.ActiveCfg = Release|Any CPU
		{D9993434-E7CF-4801-970F-F873814AAA45}.AppStore|Mixed Platforms.Build.0 = Release|Any CPU
		{D9993434-E7CF-4801-970F-F873814AAA45}.AppStore|x86.ActiveCfg = Release|Any CPU
		{D9993434-E7CF-4801-970F-F873814AAA45}.Debug|Any CPU.ActiveCfg = Debug|Any CPU
		{D9993434-E7CF-4801-970F-F873814AAA45}.Debug|Any CPU.Build.0 = Debug|Any CPU
		{D9993434-E7CF-4801-970F-F873814AAA45}.Debug|ARM.ActiveCfg = Debug|Any CPU
		{D9993434-E7CF-4801-970F-F873814AAA45}.Debug|iPhone.ActiveCfg = Debug|Any CPU
		{D9993434-E7CF-4801-970F-F873814AAA45}.Debug|iPhoneSimulator.ActiveCfg = Debug|Any CPU
		{D9993434-E7CF-4801-970F-F873814AAA45}.Debug|Mixed Platforms.ActiveCfg = Debug|Any CPU
		{D9993434-E7CF-4801-970F-F873814AAA45}.Debug|Mixed Platforms.Build.0 = Debug|Any CPU
		{D9993434-E7CF-4801-970F-F873814AAA45}.Debug|x86.ActiveCfg = Debug|Any CPU
		{D9993434-E7CF-4801-970F-F873814AAA45}.Release|Any CPU.ActiveCfg = Release|Any CPU
		{D9993434-E7CF-4801-970F-F873814AAA45}.Release|Any CPU.Build.0 = Release|Any CPU
		{D9993434-E7CF-4801-970F-F873814AAA45}.Release|ARM.ActiveCfg = Release|Any CPU
		{D9993434-E7CF-4801-970F-F873814AAA45}.Release|iPhone.ActiveCfg = Release|Any CPU
		{D9993434-E7CF-4801-970F-F873814AAA45}.Release|iPhoneSimulator.ActiveCfg = Release|Any CPU
		{D9993434-E7CF-4801-970F-F873814AAA45}.Release|Mixed Platforms.ActiveCfg = Release|Any CPU
		{D9993434-E7CF-4801-970F-F873814AAA45}.Release|Mixed Platforms.Build.0 = Release|Any CPU
		{D9993434-E7CF-4801-970F-F873814AAA45}.Release|x86.ActiveCfg = Release|Any CPU
		{59DE8524-B7E7-4A1D-8E00-54F51F085B2E}.Ad-Hoc|Any CPU.ActiveCfg = Release|Any CPU
		{59DE8524-B7E7-4A1D-8E00-54F51F085B2E}.Ad-Hoc|Any CPU.Build.0 = Release|Any CPU
		{59DE8524-B7E7-4A1D-8E00-54F51F085B2E}.Ad-Hoc|Any CPU.Deploy.0 = Release|Any CPU
		{59DE8524-B7E7-4A1D-8E00-54F51F085B2E}.Ad-Hoc|ARM.ActiveCfg = Release|ARM
		{59DE8524-B7E7-4A1D-8E00-54F51F085B2E}.Ad-Hoc|ARM.Build.0 = Release|ARM
		{59DE8524-B7E7-4A1D-8E00-54F51F085B2E}.Ad-Hoc|ARM.Deploy.0 = Release|ARM
		{59DE8524-B7E7-4A1D-8E00-54F51F085B2E}.Ad-Hoc|iPhone.ActiveCfg = Release|Any CPU
		{59DE8524-B7E7-4A1D-8E00-54F51F085B2E}.Ad-Hoc|iPhoneSimulator.ActiveCfg = Release|Any CPU
		{59DE8524-B7E7-4A1D-8E00-54F51F085B2E}.Ad-Hoc|Mixed Platforms.ActiveCfg = Release|x86
		{59DE8524-B7E7-4A1D-8E00-54F51F085B2E}.Ad-Hoc|Mixed Platforms.Build.0 = Release|x86
		{59DE8524-B7E7-4A1D-8E00-54F51F085B2E}.Ad-Hoc|Mixed Platforms.Deploy.0 = Release|x86
		{59DE8524-B7E7-4A1D-8E00-54F51F085B2E}.Ad-Hoc|x86.ActiveCfg = Release|x86
		{59DE8524-B7E7-4A1D-8E00-54F51F085B2E}.Ad-Hoc|x86.Build.0 = Release|x86
		{59DE8524-B7E7-4A1D-8E00-54F51F085B2E}.Ad-Hoc|x86.Deploy.0 = Release|x86
		{59DE8524-B7E7-4A1D-8E00-54F51F085B2E}.AppStore|Any CPU.ActiveCfg = Release|Any CPU
		{59DE8524-B7E7-4A1D-8E00-54F51F085B2E}.AppStore|Any CPU.Build.0 = Release|Any CPU
		{59DE8524-B7E7-4A1D-8E00-54F51F085B2E}.AppStore|Any CPU.Deploy.0 = Release|Any CPU
		{59DE8524-B7E7-4A1D-8E00-54F51F085B2E}.AppStore|ARM.ActiveCfg = Release|ARM
		{59DE8524-B7E7-4A1D-8E00-54F51F085B2E}.AppStore|ARM.Build.0 = Release|ARM
		{59DE8524-B7E7-4A1D-8E00-54F51F085B2E}.AppStore|ARM.Deploy.0 = Release|ARM
		{59DE8524-B7E7-4A1D-8E00-54F51F085B2E}.AppStore|iPhone.ActiveCfg = Release|Any CPU
		{59DE8524-B7E7-4A1D-8E00-54F51F085B2E}.AppStore|iPhoneSimulator.ActiveCfg = Release|Any CPU
		{59DE8524-B7E7-4A1D-8E00-54F51F085B2E}.AppStore|Mixed Platforms.ActiveCfg = Release|x86
		{59DE8524-B7E7-4A1D-8E00-54F51F085B2E}.AppStore|Mixed Platforms.Build.0 = Release|x86
		{59DE8524-B7E7-4A1D-8E00-54F51F085B2E}.AppStore|Mixed Platforms.Deploy.0 = Release|x86
		{59DE8524-B7E7-4A1D-8E00-54F51F085B2E}.AppStore|x86.ActiveCfg = Release|x86
		{59DE8524-B7E7-4A1D-8E00-54F51F085B2E}.AppStore|x86.Build.0 = Release|x86
		{59DE8524-B7E7-4A1D-8E00-54F51F085B2E}.AppStore|x86.Deploy.0 = Release|x86
		{59DE8524-B7E7-4A1D-8E00-54F51F085B2E}.Debug|Any CPU.ActiveCfg = Debug|Any CPU
		{59DE8524-B7E7-4A1D-8E00-54F51F085B2E}.Debug|Any CPU.Build.0 = Debug|Any CPU
		{59DE8524-B7E7-4A1D-8E00-54F51F085B2E}.Debug|Any CPU.Deploy.0 = Debug|Any CPU
		{59DE8524-B7E7-4A1D-8E00-54F51F085B2E}.Debug|ARM.ActiveCfg = Debug|ARM
		{59DE8524-B7E7-4A1D-8E00-54F51F085B2E}.Debug|ARM.Build.0 = Debug|ARM
		{59DE8524-B7E7-4A1D-8E00-54F51F085B2E}.Debug|ARM.Deploy.0 = Debug|ARM
		{59DE8524-B7E7-4A1D-8E00-54F51F085B2E}.Debug|iPhone.ActiveCfg = Debug|Any CPU
		{59DE8524-B7E7-4A1D-8E00-54F51F085B2E}.Debug|iPhoneSimulator.ActiveCfg = Debug|Any CPU
		{59DE8524-B7E7-4A1D-8E00-54F51F085B2E}.Debug|Mixed Platforms.ActiveCfg = Debug|x86
		{59DE8524-B7E7-4A1D-8E00-54F51F085B2E}.Debug|Mixed Platforms.Build.0 = Debug|x86
		{59DE8524-B7E7-4A1D-8E00-54F51F085B2E}.Debug|Mixed Platforms.Deploy.0 = Debug|x86
		{59DE8524-B7E7-4A1D-8E00-54F51F085B2E}.Debug|x86.ActiveCfg = Debug|x86
		{59DE8524-B7E7-4A1D-8E00-54F51F085B2E}.Debug|x86.Build.0 = Debug|x86
		{59DE8524-B7E7-4A1D-8E00-54F51F085B2E}.Debug|x86.Deploy.0 = Debug|x86
		{59DE8524-B7E7-4A1D-8E00-54F51F085B2E}.Release|Any CPU.ActiveCfg = Release|Any CPU
		{59DE8524-B7E7-4A1D-8E00-54F51F085B2E}.Release|Any CPU.Build.0 = Release|Any CPU
		{59DE8524-B7E7-4A1D-8E00-54F51F085B2E}.Release|Any CPU.Deploy.0 = Release|Any CPU
		{59DE8524-B7E7-4A1D-8E00-54F51F085B2E}.Release|ARM.ActiveCfg = Release|ARM
		{59DE8524-B7E7-4A1D-8E00-54F51F085B2E}.Release|ARM.Build.0 = Release|ARM
		{59DE8524-B7E7-4A1D-8E00-54F51F085B2E}.Release|ARM.Deploy.0 = Release|ARM
		{59DE8524-B7E7-4A1D-8E00-54F51F085B2E}.Release|iPhone.ActiveCfg = Release|Any CPU
		{59DE8524-B7E7-4A1D-8E00-54F51F085B2E}.Release|iPhoneSimulator.ActiveCfg = Release|Any CPU
		{59DE8524-B7E7-4A1D-8E00-54F51F085B2E}.Release|Mixed Platforms.ActiveCfg = Release|x86
		{59DE8524-B7E7-4A1D-8E00-54F51F085B2E}.Release|Mixed Platforms.Build.0 = Release|x86
		{59DE8524-B7E7-4A1D-8E00-54F51F085B2E}.Release|Mixed Platforms.Deploy.0 = Release|x86
		{59DE8524-B7E7-4A1D-8E00-54F51F085B2E}.Release|x86.ActiveCfg = Release|x86
		{59DE8524-B7E7-4A1D-8E00-54F51F085B2E}.Release|x86.Build.0 = Release|x86
		{59DE8524-B7E7-4A1D-8E00-54F51F085B2E}.Release|x86.Deploy.0 = Release|x86
		{3D9B4153-EFB5-4E4B-B449-3823D7097D51}.Ad-Hoc|Any CPU.ActiveCfg = Ad-Hoc|iPhone
		{3D9B4153-EFB5-4E4B-B449-3823D7097D51}.Ad-Hoc|ARM.ActiveCfg = Ad-Hoc|iPhone
		{3D9B4153-EFB5-4E4B-B449-3823D7097D51}.Ad-Hoc|iPhone.ActiveCfg = Ad-Hoc|iPhone
		{3D9B4153-EFB5-4E4B-B449-3823D7097D51}.Ad-Hoc|iPhone.Build.0 = Ad-Hoc|iPhone
		{3D9B4153-EFB5-4E4B-B449-3823D7097D51}.Ad-Hoc|iPhoneSimulator.ActiveCfg = Ad-Hoc|iPhoneSimulator
		{3D9B4153-EFB5-4E4B-B449-3823D7097D51}.Ad-Hoc|iPhoneSimulator.Build.0 = Ad-Hoc|iPhoneSimulator
		{3D9B4153-EFB5-4E4B-B449-3823D7097D51}.Ad-Hoc|Mixed Platforms.ActiveCfg = Ad-Hoc|iPhone
		{3D9B4153-EFB5-4E4B-B449-3823D7097D51}.Ad-Hoc|Mixed Platforms.Build.0 = Ad-Hoc|iPhone
		{3D9B4153-EFB5-4E4B-B449-3823D7097D51}.Ad-Hoc|x86.ActiveCfg = Ad-Hoc|iPhone
		{3D9B4153-EFB5-4E4B-B449-3823D7097D51}.AppStore|Any CPU.ActiveCfg = AppStore|iPhone
		{3D9B4153-EFB5-4E4B-B449-3823D7097D51}.AppStore|ARM.ActiveCfg = AppStore|iPhone
		{3D9B4153-EFB5-4E4B-B449-3823D7097D51}.AppStore|iPhone.ActiveCfg = AppStore|iPhone
		{3D9B4153-EFB5-4E4B-B449-3823D7097D51}.AppStore|iPhone.Build.0 = AppStore|iPhone
		{3D9B4153-EFB5-4E4B-B449-3823D7097D51}.AppStore|iPhoneSimulator.ActiveCfg = AppStore|iPhoneSimulator
		{3D9B4153-EFB5-4E4B-B449-3823D7097D51}.AppStore|iPhoneSimulator.Build.0 = AppStore|iPhoneSimulator
		{3D9B4153-EFB5-4E4B-B449-3823D7097D51}.AppStore|Mixed Platforms.ActiveCfg = AppStore|iPhone
		{3D9B4153-EFB5-4E4B-B449-3823D7097D51}.AppStore|Mixed Platforms.Build.0 = AppStore|iPhone
		{3D9B4153-EFB5-4E4B-B449-3823D7097D51}.AppStore|x86.ActiveCfg = AppStore|iPhone
		{3D9B4153-EFB5-4E4B-B449-3823D7097D51}.Debug|Any CPU.ActiveCfg = Debug|iPhone
		{3D9B4153-EFB5-4E4B-B449-3823D7097D51}.Debug|ARM.ActiveCfg = Debug|iPhone
		{3D9B4153-EFB5-4E4B-B449-3823D7097D51}.Debug|iPhone.ActiveCfg = Debug|iPhone
		{3D9B4153-EFB5-4E4B-B449-3823D7097D51}.Debug|iPhone.Build.0 = Debug|iPhone
		{3D9B4153-EFB5-4E4B-B449-3823D7097D51}.Debug|iPhoneSimulator.ActiveCfg = Debug|iPhoneSimulator
		{3D9B4153-EFB5-4E4B-B449-3823D7097D51}.Debug|iPhoneSimulator.Build.0 = Debug|iPhoneSimulator
		{3D9B4153-EFB5-4E4B-B449-3823D7097D51}.Debug|Mixed Platforms.ActiveCfg = Debug|iPhone
		{3D9B4153-EFB5-4E4B-B449-3823D7097D51}.Debug|Mixed Platforms.Build.0 = Debug|iPhone
		{3D9B4153-EFB5-4E4B-B449-3823D7097D51}.Debug|x86.ActiveCfg = Debug|iPhone
		{3D9B4153-EFB5-4E4B-B449-3823D7097D51}.Release|Any CPU.ActiveCfg = Release|iPhone
		{3D9B4153-EFB5-4E4B-B449-3823D7097D51}.Release|ARM.ActiveCfg = Release|iPhone
		{3D9B4153-EFB5-4E4B-B449-3823D7097D51}.Release|iPhone.ActiveCfg = Release|iPhone
		{3D9B4153-EFB5-4E4B-B449-3823D7097D51}.Release|iPhone.Build.0 = Release|iPhone
		{3D9B4153-EFB5-4E4B-B449-3823D7097D51}.Release|iPhoneSimulator.ActiveCfg = Release|iPhoneSimulator
		{3D9B4153-EFB5-4E4B-B449-3823D7097D51}.Release|iPhoneSimulator.Build.0 = Release|iPhoneSimulator
		{3D9B4153-EFB5-4E4B-B449-3823D7097D51}.Release|Mixed Platforms.ActiveCfg = Release|iPhone
		{3D9B4153-EFB5-4E4B-B449-3823D7097D51}.Release|Mixed Platforms.Build.0 = Release|iPhone
		{3D9B4153-EFB5-4E4B-B449-3823D7097D51}.Release|x86.ActiveCfg = Release|iPhone
		{57BA9F78-C476-42D3-8407-4E6D2C3EF3A9}.Ad-Hoc|Any CPU.ActiveCfg = Release|Any CPU
		{57BA9F78-C476-42D3-8407-4E6D2C3EF3A9}.Ad-Hoc|Any CPU.Build.0 = Release|Any CPU
		{57BA9F78-C476-42D3-8407-4E6D2C3EF3A9}.Ad-Hoc|Any CPU.Deploy.0 = Release|Any CPU
		{57BA9F78-C476-42D3-8407-4E6D2C3EF3A9}.Ad-Hoc|ARM.ActiveCfg = Release|Any CPU
		{57BA9F78-C476-42D3-8407-4E6D2C3EF3A9}.Ad-Hoc|iPhone.ActiveCfg = Release|Any CPU
		{57BA9F78-C476-42D3-8407-4E6D2C3EF3A9}.Ad-Hoc|iPhoneSimulator.ActiveCfg = Release|Any CPU
		{57BA9F78-C476-42D3-8407-4E6D2C3EF3A9}.Ad-Hoc|Mixed Platforms.ActiveCfg = Release|Any CPU
		{57BA9F78-C476-42D3-8407-4E6D2C3EF3A9}.Ad-Hoc|Mixed Platforms.Build.0 = Release|Any CPU
		{57BA9F78-C476-42D3-8407-4E6D2C3EF3A9}.Ad-Hoc|Mixed Platforms.Deploy.0 = Release|Any CPU
		{57BA9F78-C476-42D3-8407-4E6D2C3EF3A9}.Ad-Hoc|x86.ActiveCfg = Release|Any CPU
		{57BA9F78-C476-42D3-8407-4E6D2C3EF3A9}.AppStore|Any CPU.ActiveCfg = Release|Any CPU
		{57BA9F78-C476-42D3-8407-4E6D2C3EF3A9}.AppStore|Any CPU.Build.0 = Release|Any CPU
		{57BA9F78-C476-42D3-8407-4E6D2C3EF3A9}.AppStore|Any CPU.Deploy.0 = Release|Any CPU
		{57BA9F78-C476-42D3-8407-4E6D2C3EF3A9}.AppStore|ARM.ActiveCfg = Release|Any CPU
		{57BA9F78-C476-42D3-8407-4E6D2C3EF3A9}.AppStore|iPhone.ActiveCfg = Release|Any CPU
		{57BA9F78-C476-42D3-8407-4E6D2C3EF3A9}.AppStore|iPhoneSimulator.ActiveCfg = Release|Any CPU
		{57BA9F78-C476-42D3-8407-4E6D2C3EF3A9}.AppStore|Mixed Platforms.ActiveCfg = Release|Any CPU
		{57BA9F78-C476-42D3-8407-4E6D2C3EF3A9}.AppStore|Mixed Platforms.Build.0 = Release|Any CPU
		{57BA9F78-C476-42D3-8407-4E6D2C3EF3A9}.AppStore|Mixed Platforms.Deploy.0 = Release|Any CPU
		{57BA9F78-C476-42D3-8407-4E6D2C3EF3A9}.AppStore|x86.ActiveCfg = Release|Any CPU
		{57BA9F78-C476-42D3-8407-4E6D2C3EF3A9}.Debug|Any CPU.ActiveCfg = Debug|Any CPU
		{57BA9F78-C476-42D3-8407-4E6D2C3EF3A9}.Debug|Any CPU.Build.0 = Debug|Any CPU
		{57BA9F78-C476-42D3-8407-4E6D2C3EF3A9}.Debug|Any CPU.Deploy.0 = Debug|Any CPU
		{57BA9F78-C476-42D3-8407-4E6D2C3EF3A9}.Debug|ARM.ActiveCfg = Debug|Any CPU
		{57BA9F78-C476-42D3-8407-4E6D2C3EF3A9}.Debug|iPhone.ActiveCfg = Debug|Any CPU
		{57BA9F78-C476-42D3-8407-4E6D2C3EF3A9}.Debug|iPhoneSimulator.ActiveCfg = Debug|Any CPU
		{57BA9F78-C476-42D3-8407-4E6D2C3EF3A9}.Debug|Mixed Platforms.ActiveCfg = Debug|Any CPU
		{57BA9F78-C476-42D3-8407-4E6D2C3EF3A9}.Debug|Mixed Platforms.Build.0 = Debug|Any CPU
		{57BA9F78-C476-42D3-8407-4E6D2C3EF3A9}.Debug|Mixed Platforms.Deploy.0 = Debug|Any CPU
		{57BA9F78-C476-42D3-8407-4E6D2C3EF3A9}.Debug|x86.ActiveCfg = Debug|Any CPU
		{57BA9F78-C476-42D3-8407-4E6D2C3EF3A9}.Release|Any CPU.ActiveCfg = Release|Any CPU
		{57BA9F78-C476-42D3-8407-4E6D2C3EF3A9}.Release|Any CPU.Build.0 = Release|Any CPU
		{57BA9F78-C476-42D3-8407-4E6D2C3EF3A9}.Release|Any CPU.Deploy.0 = Release|Any CPU
		{57BA9F78-C476-42D3-8407-4E6D2C3EF3A9}.Release|ARM.ActiveCfg = Release|Any CPU
		{57BA9F78-C476-42D3-8407-4E6D2C3EF3A9}.Release|iPhone.ActiveCfg = Release|Any CPU
		{57BA9F78-C476-42D3-8407-4E6D2C3EF3A9}.Release|iPhoneSimulator.ActiveCfg = Release|Any CPU
		{57BA9F78-C476-42D3-8407-4E6D2C3EF3A9}.Release|Mixed Platforms.ActiveCfg = Release|Any CPU
		{57BA9F78-C476-42D3-8407-4E6D2C3EF3A9}.Release|Mixed Platforms.Build.0 = Release|Any CPU
		{57BA9F78-C476-42D3-8407-4E6D2C3EF3A9}.Release|Mixed Platforms.Deploy.0 = Release|Any CPU
		{57BA9F78-C476-42D3-8407-4E6D2C3EF3A9}.Release|x86.ActiveCfg = Release|Any CPU
		{0E77D4E5-30CE-463E-82ED-6FD8E30E523A}.Ad-Hoc|Any CPU.ActiveCfg = Release|Any CPU
		{0E77D4E5-30CE-463E-82ED-6FD8E30E523A}.Ad-Hoc|Any CPU.Build.0 = Release|Any CPU
		{0E77D4E5-30CE-463E-82ED-6FD8E30E523A}.Ad-Hoc|ARM.ActiveCfg = Release|Any CPU
		{0E77D4E5-30CE-463E-82ED-6FD8E30E523A}.Ad-Hoc|iPhone.ActiveCfg = Release|Any CPU
		{0E77D4E5-30CE-463E-82ED-6FD8E30E523A}.Ad-Hoc|iPhoneSimulator.ActiveCfg = Release|Any CPU
		{0E77D4E5-30CE-463E-82ED-6FD8E30E523A}.Ad-Hoc|Mixed Platforms.ActiveCfg = Release|Any CPU
		{0E77D4E5-30CE-463E-82ED-6FD8E30E523A}.Ad-Hoc|Mixed Platforms.Build.0 = Release|Any CPU
		{0E77D4E5-30CE-463E-82ED-6FD8E30E523A}.Ad-Hoc|x86.ActiveCfg = Release|Any CPU
		{0E77D4E5-30CE-463E-82ED-6FD8E30E523A}.AppStore|Any CPU.ActiveCfg = Release|Any CPU
		{0E77D4E5-30CE-463E-82ED-6FD8E30E523A}.AppStore|Any CPU.Build.0 = Release|Any CPU
		{0E77D4E5-30CE-463E-82ED-6FD8E30E523A}.AppStore|ARM.ActiveCfg = Release|Any CPU
		{0E77D4E5-30CE-463E-82ED-6FD8E30E523A}.AppStore|iPhone.ActiveCfg = Release|Any CPU
		{0E77D4E5-30CE-463E-82ED-6FD8E30E523A}.AppStore|iPhoneSimulator.ActiveCfg = Release|Any CPU
		{0E77D4E5-30CE-463E-82ED-6FD8E30E523A}.AppStore|Mixed Platforms.ActiveCfg = Release|Any CPU
		{0E77D4E5-30CE-463E-82ED-6FD8E30E523A}.AppStore|Mixed Platforms.Build.0 = Release|Any CPU
		{0E77D4E5-30CE-463E-82ED-6FD8E30E523A}.AppStore|x86.ActiveCfg = Release|Any CPU
		{0E77D4E5-30CE-463E-82ED-6FD8E30E523A}.Debug|Any CPU.ActiveCfg = Debug|Any CPU
		{0E77D4E5-30CE-463E-82ED-6FD8E30E523A}.Debug|Any CPU.Build.0 = Debug|Any CPU
		{0E77D4E5-30CE-463E-82ED-6FD8E30E523A}.Debug|ARM.ActiveCfg = Debug|Any CPU
		{0E77D4E5-30CE-463E-82ED-6FD8E30E523A}.Debug|iPhone.ActiveCfg = Debug|Any CPU
		{0E77D4E5-30CE-463E-82ED-6FD8E30E523A}.Debug|iPhoneSimulator.ActiveCfg = Debug|Any CPU
		{0E77D4E5-30CE-463E-82ED-6FD8E30E523A}.Debug|Mixed Platforms.ActiveCfg = Debug|Any CPU
		{0E77D4E5-30CE-463E-82ED-6FD8E30E523A}.Debug|Mixed Platforms.Build.0 = Debug|Any CPU
		{0E77D4E5-30CE-463E-82ED-6FD8E30E523A}.Debug|x86.ActiveCfg = Debug|Any CPU
		{0E77D4E5-30CE-463E-82ED-6FD8E30E523A}.Release|Any CPU.ActiveCfg = Release|Any CPU
		{0E77D4E5-30CE-463E-82ED-6FD8E30E523A}.Release|Any CPU.Build.0 = Release|Any CPU
		{0E77D4E5-30CE-463E-82ED-6FD8E30E523A}.Release|ARM.ActiveCfg = Release|Any CPU
		{0E77D4E5-30CE-463E-82ED-6FD8E30E523A}.Release|iPhone.ActiveCfg = Release|Any CPU
		{0E77D4E5-30CE-463E-82ED-6FD8E30E523A}.Release|iPhoneSimulator.ActiveCfg = Release|Any CPU
		{0E77D4E5-30CE-463E-82ED-6FD8E30E523A}.Release|Mixed Platforms.ActiveCfg = Release|Any CPU
		{0E77D4E5-30CE-463E-82ED-6FD8E30E523A}.Release|Mixed Platforms.Build.0 = Release|Any CPU
		{0E77D4E5-30CE-463E-82ED-6FD8E30E523A}.Release|x86.ActiveCfg = Release|Any CPU
	EndGlobalSection
	GlobalSection(SolutionProperties) = preSolution
		HideSolutionNode = FALSE
	EndGlobalSection
EndGlobal
