
Microsoft Visual Studio Solution File, Format Version 12.00
# Visual Studio 2013
VisualStudioVersion = 12.0.31101.0
MinimumVisualStudioVersion = 10.0.40219.1
Project("{FAE04EC0-301F-11D3-BF4B-00C04F79EFBC}") = "DeskIOLib", "DeskIOLib\DeskIOLib.csproj", "{BC78B6B0-EEA4-473C-AF37-A5171D97639C}"
EndProject
Project("{FAE04EC0-301F-11D3-BF4B-00C04F79EFBC}") = "DeskIOCLI", "DeskIOCLI\DeskIOCLI.csproj", "{D9993434-E7CF-4801-970F-F873814AAA45}"
EndProject
Project("{FAE04EC0-301F-11D3-BF4B-00C04F79EFBC}") = "DeskIOWindows", "DeskIOWindows\DeskIOWindows.csproj", "{0E77D4E5-30CE-463E-82ED-6FD8E30E523A}"
EndProject
Global
	GlobalSection(SolutionConfigurationPlatforms) = preSolution
		Ad-Hoc|Any CPU = Ad-Hoc|Any CPU
		Ad-Hoc|ARM = Ad-Hoc|ARM
		Ad-Hoc|iPhone = Ad-Hoc|iPhone
		Ad-Hoc|iPhoneSimulator = Ad-Hoc|iPhoneSimulator
		Ad-Hoc|Mixed Platforms = Ad-Hoc|Mixed Platforms
		Ad-Hoc|x86 = Ad-Hoc|x86
		AppStore|Any CPU = AppStore|Any CPU
		AppStore|ARM = AppStore|ARM
		AppStore|iPhone = AppStore|iPhone
		AppStore|iPhoneSimulator = AppStore|iPhoneSimulator
		AppStore|Mixed Platforms = AppStore|Mixed Platforms
		AppStore|x86 = AppStore|x86
		Debug|Any CPU = Debug|Any CPU
		Debug|ARM = Debug|ARM
		Debug|iPhone = Debug|iPhone
		Debug|iPhoneSimulator = Debug|iPhoneSimulator
		Debug|Mixed Platforms = Debug|Mixed Platforms
		Debug|x86 = Debug|x86
		Release|Any CPU = Release|Any CPU
		Release|ARM = Release|ARM
		Release|iPhone = Release|iPhone
		Release|iPhoneSimulator = Release|iPhoneSimulator
		Release|Mixed Platforms = Release|Mixed Platforms
		Release|x86 = Release|x86
	EndGlobalSection
	GlobalSection(ProjectConfigurationPlatforms) = postSolution
		{BC78B6B0-EEA4-473C-AF37-A5171D97639C}.Ad-Hoc|Any CPU.ActiveCfg = Release|Any CPU
		{BC78B6B0-EEA4-473C-AF37-A5171D97639C}.Ad-Hoc|Any CPU.Build.0 = Release|Any CPU
		{BC78B6B0-EEA4-473C-AF37-A5171D97639C}.Ad-Hoc|ARM.ActiveCfg = Release|Any CPU
		{BC78B6B0-EEA4-473C-AF37-A5171D97639C}.Ad-Hoc|iPhone.ActiveCfg = Release|Any CPU
		{BC78B6B0-EEA4-473C-AF37-A5171D97639C}.Ad-Hoc|iPhoneSimulator.ActiveCfg = Release|Any CPU
		{BC78B6B0-EEA4-473C-AF37-A5171D97639C}.Ad-Hoc|Mixed Platforms.ActiveCfg = Release|Any CPU
		{BC78B6B0-EEA4-473C-AF37-A5171D97639C}.Ad-Hoc|Mixed Platforms.Build.0 = Release|Any CPU
		{BC78B6B0-EEA4-473C-AF37-A5171D97639C}.Ad-Hoc|x86.ActiveCfg = Release|Any CPU
		{BC78B6B0-EEA4-473C-AF37-A5171D97639C}.AppStore|Any CPU.ActiveCfg = Release|Any CPU
		{BC78B6B0-EEA4-473C-AF37-A5171D97639C}.AppStore|Any CPU.Build.0 = Release|Any CPU
		{BC78B6B0-EEA4-473C-AF37-A5171D97639C}.AppStore|ARM.ActiveCfg = Release|Any CPU
		{BC78B6B0-EEA4-473C-AF37-A5171D97639C}.AppStore|iPhone.ActiveCfg = Release|Any CPU
		{BC78B6B0-EEA4-473C-AF37-A5171D97639C}.AppStore|iPhoneSimulator.ActiveCfg = Release|Any CPU
		{BC78B6B0-EEA4-473C-AF37-A5171D97639C}.AppStore|Mixed Platforms.ActiveCfg = Release|Any CPU
		{BC78B6B0-EEA4-473C-AF37-A5171D97639C}.AppStore|Mixed Platforms.Build.0 = Release|Any CPU
		{BC78B6B0-EEA4-473C-AF37-A5171D97639C}.AppStore|x86.ActiveCfg = Release|Any CPU
		{BC78B6B0-EEA4-473C-AF37-A5171D97639C}.Debug|Any CPU.ActiveCfg = Debug|Any CPU
		{BC78B6B0-EEA4-473C-AF37-A5171D97639C}.Debug|Any CPU.Build.0 = Debug|Any CPU
		{BC78B6B0-EEA4-473C-AF37-A5171D97639C}.Debug|ARM.ActiveCfg = Debug|Any CPU
		{BC78B6B0-EEA4-473C-AF37-A5171D97639C}.Debug|iPhone.ActiveCfg = Debug|Any CPU
		{BC78B6B0-EEA4-473C-AF37-A5171D97639C}.Debug|iPhoneSimulator.ActiveCfg = Debug|Any CPU
		{BC78B6B0-EEA4-473C-AF37-A5171D97639C}.Debug|Mixed Platforms.ActiveCfg = Debug|Any CPU
		{BC78B6B0-EEA4-473C-AF37-A5171D97639C}.Debug|Mixed Platforms.Build.0 = Debug|Any CPU
		{BC78B6B0-EEA4-473C-AF37-A5171D97639C}.Debug|x86.ActiveCfg = Debug|Any CPU
		{BC78B6B0-EEA4-473C-AF37-A5171D97639C}.Release|Any CPU.ActiveCfg = Release|Any CPU
		{BC78B6B0-EEA4-473C-AF37-A5171D97639C}.Release|Any CPU.Build.0 = Release|Any CPU
		{BC78B6B0-EEA4-473C-AF37-A5171D97639C}.Release|ARM.ActiveCfg = Release|Any CPU
		{BC78B6B0-EEA4-473C-AF37-A5171D97639C}.Release|iPhone.ActiveCfg = Release|Any CPU
		{BC78B6B0-EEA4-473C-AF37-A5171D97639C}.Release|iPhoneSimulator.ActiveCfg = Release|Any CPU
		{BC78B6B0-EEA4-473C-AF37-A5171D97639C}.Release|Mixed Platforms.ActiveCfg = Release|Any CPU
		{BC78B6B0-EEA4-473C-AF37-A5171D97639C}.Release|Mixed Platforms.Build.0 = Release|Any CPU
		{BC78B6B0-EEA4-473C-AF37-A5171D97639C}.Release|x86.ActiveCfg = Release|Any CPU
		{D9993434-E7CF-4801-970F-F873814AAA45}.Ad-Hoc|Any CPU.ActiveCfg = Release|Any CPU
		{D9993434-E7CF-4801-970F-F873814AAA45}.Ad-Hoc|Any CPU.Build.0 = Release|Any CPU
		{D9993434-E7CF-4801-970F-F873814AAA45}.Ad-Hoc|ARM.ActiveCfg = Release|Any CPU
		{D9993434-E7CF-4801-970F-F873814AAA45}.Ad-Hoc|iPhone.ActiveCfg = Release|Any CPU
		{D9993434-E7CF-4801-970F-F873814AAA45}.Ad-Hoc|iPhoneSimulator.ActiveCfg = Release|Any CPU
		{D9993434-E7CF-4801-970F-F873814AAA45}.Ad-Hoc|Mixed Platforms.ActiveCfg = Release|Any CPU
		{D9993434-E7CF-4801-970F-F873814AAA45}.Ad-Hoc|Mixed Platforms.Build.0 = Release|Any CPU
		{D9993434-E7CF-4801-970F-F873814AAA45}.Ad-Hoc|x86.ActiveCfg = Release|Any CPU
		{D9993434-E7CF-4801-970F-F873814AAA45}.AppStore|Any CPU.ActiveCfg = Release|Any CPU
		{D9993434-E7CF-4801-970F-F873814AAA45}.AppStore|Any CPU.Build.0 = Release|Any CPU
		{D9993434-E7CF-4801-970F-F873814AAA45}.AppStore|ARM.ActiveCfg = Release|Any CPU
		{D9993434-E7CF-4801-970F-F873814AAA45}.AppStore|iPhone.ActiveCfg = Release|Any CPU
		{D9993434-E7CF-4801-970F-F873814AAA45}.AppStore|iPhoneSimulator.ActiveCfg = Release|Any CPU
		{D9993434-E7CF-4801-970F-F873814AAA45}.AppStore|Mixed Platforms.ActiveCfg = Release|Any CPU
		{D9993434-E7CF-4801-970F-F873814AAA45}.AppStore|Mixed Platforms.Build.0 = Release|Any CPU
		{D9993434-E7CF-4801-970F-F873814AAA45}.AppStore|x86.ActiveCfg = Release|Any CPU
		{D9993434-E7CF-4801-970F-F873814AAA45}.Debug|Any CPU.ActiveCfg = Debug|Any CPU
		{D9993434-E7CF-4801-970F-F873814AAA45}.Debug|Any CPU.Build.0 = Debug|Any CPU
		{D9993434-E7CF-4801-970F-F873814AAA45}.Debug|ARM.ActiveCfg = Debug|Any CPU
		{D9993434-E7CF-4801-970F-F873814AAA45}.Debug|iPhone.ActiveCfg = Debug|Any CPU
		{D9993434-E7CF-4801-970F-F873814AAA45}.Debug|iPhoneSimulator.ActiveCfg = Debug|Any CPU
		{D9993434-E7CF-4801-970F-F873814AAA45}.Debug|Mixed Platforms.ActiveCfg = Debug|Any CPU
		{D9993434-E7CF-4801-970F-F873814AAA45}.Debug|Mixed Platforms.Build.0 = Debug|Any CPU
		{D9993434-E7CF-4801-970F-F873814AAA45}.Debug|x86.ActiveCfg = Debug|Any CPU
		{D9993434-E7CF-4801-970F-F873814AAA45}.Release|Any CPU.ActiveCfg = Release|Any CPU
		{D9993434-E7CF-4801-970F-F873814AAA45}.Release|Any CPU.Build.0 = Release|Any CPU
		{D9993434-E7CF-4801-970F-F873814AAA45}.Release|ARM.ActiveCfg = Release|Any CPU
		{D9993434-E7CF-4801-970F-F873814AAA45}.Release|iPhone.ActiveCfg = Release|Any CPU
		{D9993434-E7CF-4801-970F-F873814AAA45}.Release|iPhoneSimulator.ActiveCfg = Release|Any CPU
		{D9993434-E7CF-4801-970F-F873814AAA45}.Release|Mixed Platforms.ActiveCfg = Release|Any CPU
		{D9993434-E7CF-4801-970F-F873814AAA45}.Release|Mixed Platforms.Build.0 = Release|Any CPU
		{D9993434-E7CF-4801-970F-F873814AAA45}.Release|x86.ActiveCfg = Release|Any CPU
		{0E77D4E5-30CE-463E-82ED-6FD8E30E523A}.Ad-Hoc|Any CPU.ActiveCfg = Release|Any CPU
		{0E77D4E5-30CE-463E-82ED-6FD8E30E523A}.Ad-Hoc|Any CPU.Build.0 = Release|Any CPU
		{0E77D4E5-30CE-463E-82ED-6FD8E30E523A}.Ad-Hoc|ARM.ActiveCfg = Release|Any CPU
		{0E77D4E5-30CE-463E-82ED-6FD8E30E523A}.Ad-Hoc|iPhone.ActiveCfg = Release|Any CPU
		{0E77D4E5-30CE-463E-82ED-6FD8E30E523A}.Ad-Hoc|iPhoneSimulator.ActiveCfg = Release|Any CPU
		{0E77D4E5-30CE-463E-82ED-6FD8E30E523A}.Ad-Hoc|Mixed Platforms.ActiveCfg = Release|Any CPU
		{0E77D4E5-30CE-463E-82ED-6FD8E30E523A}.Ad-Hoc|Mixed Platforms.Build.0 = Release|Any CPU
		{0E77D4E5-30CE-463E-82ED-6FD8E30E523A}.Ad-Hoc|x86.ActiveCfg = Release|Any CPU
		{0E77D4E5-30CE-463E-82ED-6FD8E30E523A}.AppStore|Any CPU.ActiveCfg = Release|Any CPU
		{0E77D4E5-30CE-463E-82ED-6FD8E30E523A}.AppStore|Any CPU.Build.0 = Release|Any CPU
		{0E77D4E5-30CE-463E-82ED-6FD8E30E523A}.AppStore|ARM.ActiveCfg = Release|Any CPU
		{0E77D4E5-30CE-463E-82ED-6FD8E30E523A}.AppStore|iPhone.ActiveCfg = Release|Any CPU
		{0E77D4E5-30CE-463E-82ED-6FD8E30E523A}.AppStore|iPhoneSimulator.ActiveCfg = Release|Any CPU
		{0E77D4E5-30CE-463E-82ED-6FD8E30E523A}.AppStore|Mixed Platforms.ActiveCfg = Release|Any CPU
		{0E77D4E5-30CE-463E-82ED-6FD8E30E523A}.AppStore|Mixed Platforms.Build.0 = Release|Any CPU
		{0E77D4E5-30CE-463E-82ED-6FD8E30E523A}.AppStore|x86.ActiveCfg = Release|Any CPU
		{0E77D4E5-30CE-463E-82ED-6FD8E30E523A}.Debug|Any CPU.ActiveCfg = Debug|Any CPU
		{0E77D4E5-30CE-463E-82ED-6FD8E30E523A}.Debug|Any CPU.Build.0 = Debug|Any CPU
		{0E77D4E5-30CE-463E-82ED-6FD8E30E523A}.Debug|ARM.ActiveCfg = Debug|Any CPU
		{0E77D4E5-30CE-463E-82ED-6FD8E30E523A}.Debug|iPhone.ActiveCfg = Debug|Any CPU
		{0E77D4E5-30CE-463E-82ED-6FD8E30E523A}.Debug|iPhoneSimulator.ActiveCfg = Debug|Any CPU
		{0E77D4E5-30CE-463E-82ED-6FD8E30E523A}.Debug|Mixed Platforms.ActiveCfg = Debug|Any CPU
		{0E77D4E5-30CE-463E-82ED-6FD8E30E523A}.Debug|Mixed Platforms.Build.0 = Debug|Any CPU
		{0E77D4E5-30CE-463E-82ED-6FD8E30E523A}.Debug|x86.ActiveCfg = Debug|Any CPU
		{0E77D4E5-30CE-463E-82ED-6FD8E30E523A}.Release|Any CPU.ActiveCfg = Release|Any CPU
		{0E77D4E5-30CE-463E-82ED-6FD8E30E523A}.Release|Any CPU.Build.0 = Release|Any CPU
		{0E77D4E5-30CE-463E-82ED-6FD8E30E523A}.Release|ARM.ActiveCfg = Release|Any CPU
		{0E77D4E5-30CE-463E-82ED-6FD8E30E523A}.Release|iPhone.ActiveCfg = Release|Any CPU
		{0E77D4E5-30CE-463E-82ED-6FD8E30E523A}.Release|iPhoneSimulator.ActiveCfg = Release|Any CPU
		{0E77D4E5-30CE-463E-82ED-6FD8E30E523A}.Release|Mixed Platforms.ActiveCfg = Release|Any CPU
		{0E77D4E5-30CE-463E-82ED-6FD8E30E523A}.Release|Mixed Platforms.Build.0 = Release|Any CPU
		{0E77D4E5-30CE-463E-82ED-6FD8E30E523A}.Release|x86.ActiveCfg = Release|Any CPU
	EndGlobalSection
	GlobalSection(SolutionProperties) = preSolution
		HideSolutionNode = FALSE
	EndGlobalSection
EndGlobal
